
Microsoft Visual Studio Solution File, Format Version 12.00
# Visual Studio 15
VisualStudioVersion = 15.0.28307.102
MinimumVisualStudioVersion = 10.0.40219.1
Project("{8BC9CEB8-8B4A-11D0-8D11-00A0C91BC942}") = "Dqueue_(double_queue)_29.04.2019_Lesson", "Dqueue_(double_queue)_29.04.2019_Lesson\Dqueue_(double_queue)_29.04.2019_Lesson.vcxproj", "{DE6495E2-D17E-4C42-BC29-9223714EB0A7}"
EndProject
Global
	GlobalSection(SolutionConfigurationPlatforms) = preSolution
		Debug|x64 = Debug|x64
		Debug|x86 = Debug|x86
		Release|x64 = Release|x64
		Release|x86 = Release|x86
	EndGlobalSection
	GlobalSection(ProjectConfigurationPlatforms) = postSolution
		{DE6495E2-D17E-4C42-BC29-9223714EB0A7}.Debug|x64.ActiveCfg = Debug|x64
		{DE6495E2-D17E-4C42-BC29-9223714EB0A7}.Debug|x64.Build.0 = Debug|x64
		{DE6495E2-D17E-4C42-BC29-9223714EB0A7}.Debug|x86.ActiveCfg = Debug|Win32
		{DE6495E2-D17E-4C42-BC29-9223714EB0A7}.Debug|x86.Build.0 = Debug|Win32
		{DE6495E2-D17E-4C42-BC29-9223714EB0A7}.Release|x64.ActiveCfg = Release|x64
		{DE6495E2-D17E-4C42-BC29-9223714EB0A7}.Release|x64.Build.0 = Release|x64
		{DE6495E2-D17E-4C42-BC29-9223714EB0A7}.Release|x86.ActiveCfg = Release|Win32
		{DE6495E2-D17E-4C42-BC29-9223714EB0A7}.Release|x86.Build.0 = Release|Win32
	EndGlobalSection
	GlobalSection(SolutionProperties) = preSolution
		HideSolutionNode = FALSE
	EndGlobalSection
	GlobalSection(ExtensibilityGlobals) = postSolution
		SolutionGuid = {8C21E8D0-9BD6-4E5A-BF3A-7420A3C02BFB}
	EndGlobalSection
EndGlobal
